
Microsoft Visual Studio Solution File, Format Version 12.00
# Visual Studio Version 16
VisualStudioVersion = 16.0.29926.136
MinimumVisualStudioVersion = 10.0.40219.1
Project("{9A19103F-16F7-4668-BE54-9A1E7A4F7556}") = "RoslynObfuscator", "RoslynObfuscator.csproj", "{965C566C-E1D6-46AD-9FB4-C6908B9FF6F4}"
EndProject
Global
	GlobalSection(SolutionConfigurationPlatforms) = preSolution
		Debug|Any CPU = Debug|Any CPU
		Debug|x64 = Debug|x64
		Release|Any CPU = Release|Any CPU
		Release|x64 = Release|x64
	EndGlobalSection
	GlobalSection(ProjectConfigurationPlatforms) = postSolution
		{965C566C-E1D6-46AD-9FB4-C6908B9FF6F4}.Debug|Any CPU.ActiveCfg = Debug|Any CPU
		{965C566C-E1D6-46AD-9FB4-C6908B9FF6F4}.Debug|Any CPU.Build.0 = Debug|Any CPU
		{965C566C-E1D6-46AD-9FB4-C6908B9FF6F4}.Debug|x64.ActiveCfg = Debug|Any CPU
		{965C566C-E1D6-46AD-9FB4-C6908B9FF6F4}.Debug|x64.Build.0 = Debug|Any CPU
		{965C566C-E1D6-46AD-9FB4-C6908B9FF6F4}.Release|Any CPU.ActiveCfg = Release|Any CPU
		{965C566C-E1D6-46AD-9FB4-C6908B9FF6F4}.Release|Any CPU.Build.0 = Release|Any CPU
		{965C566C-E1D6-46AD-9FB4-C6908B9FF6F4}.Release|x64.ActiveCfg = Release|Any CPU
		{965C566C-E1D6-46AD-9FB4-C6908B9FF6F4}.Release|x64.Build.0 = Release|Any CPU
	EndGlobalSection
	GlobalSection(SolutionProperties) = preSolution
		HideSolutionNode = FALSE
	EndGlobalSection
	GlobalSection(ExtensibilityGlobals) = postSolution
		SolutionGuid = {53A797BA-B93A-430E-A20A-7B50A1D429DB}
	EndGlobalSection
EndGlobal
